
Microsoft Visual Studio Solution File, Format Version 12.00
# Visual Studio Version 17
VisualStudioVersion = 17.14.36414.22
MinimumVisualStudioVersion = 10.0.40219.1
Project("{2150E333-8FDC-42A3-9474-1A3956D46DE8}") = "TaskTest", "TaskTest", "{02EA681E-C7D8-13C7-8484-4AC65E1B71E8}"
EndProject
Project("{FAE04EC0-301F-11D3-BF4B-00C04F79EFBC}") = "WinFormsApp1", "WinFormsApp1\WinFormsApp1.csproj", "{DCC6D6E1-6DCA-4C73-9CD2-4E743972F3F1}"
EndProject
Project("{2150E333-8FDC-42A3-9474-1A3956D46DE8}") = "Task0", "Task0", "{094E99CC-66AA-4929-9710-F302BA8CD13B}"
EndProject
Project("{FAE04EC0-301F-11D3-BF4B-00C04F79EFBC}") = "Tyuiu.MinullinDF.Sprint6.Task0.V25.Test", "Tyuiu.MinullinDF.Sprint6.Task0.V25.Test\Tyuiu.MinullinDF.Sprint6.Task0.V25.Test.csproj", "{717F738C-F29C-4B7A-9011-565BCCC4439F}"
EndProject
Project("{FAE04EC0-301F-11D3-BF4B-00C04F79EFBC}") = "Tyuiu.MinullinDF.Sprint6.Task0.V25", "Tyuiu.MinullinDF.Sprint6.Task0.V25\Tyuiu.MinullinDF.Sprint6.Task0.V25.csproj", "{701E2F84-BEDC-414F-B76F-4F7D7C75C5C2}"
EndProject
Project("{FAE04EC0-301F-11D3-BF4B-00C04F79EFBC}") = "Tyuiu.MinullinDF.Sprint6.Task0.V25.Lib", "Tyuiu.MinullinDF.Sprint6.Task0.V25.Lib\Tyuiu.MinullinDF.Sprint6.Task0.V25.Lib.csproj", "{7B255D3B-77B6-497E-834D-334F81063FBB}"
EndProject
Project("{2150E333-8FDC-42A3-9474-1A3956D46DE8}") = "Task1", "Task1", "{08893C6C-3CED-40B8-BB71-39F94D4E0717}"
EndProject
Project("{FAE04EC0-301F-11D3-BF4B-00C04F79EFBC}") = "Tyuiu.MinullinDF.Sprint6.Task1.V7.Lib", "Tyuiu.MinullinDF.Sprint6.Task1.V7.Lib\Tyuiu.MinullinDF.Sprint6.Task1.V7.Lib.csproj", "{19E8A28A-3951-41C4-A725-79CF92A71E69}"
EndProject
Project("{FAE04EC0-301F-11D3-BF4B-00C04F79EFBC}") = "Tyuiu.MinullinDF.Sprint6.Task1.V7", "Tyuiu.MinullinDF.Sprint6.Task1.V7\Tyuiu.MinullinDF.Sprint6.Task1.V7.csproj", "{B7364077-6F5F-4287-BB4C-635F2F73D88E}"
EndProject
Project("{FAE04EC0-301F-11D3-BF4B-00C04F79EFBC}") = "Tyuiu.MinullinDF.Sprint6.Task1.V7.Test", "Tyuiu.MinullinDF.Sprint6.Task1.V7.Test\Tyuiu.MinullinDF.Sprint6.Task1.V7.Test.csproj", "{6FB47E00-2B40-4BD1-9D05-C0C9183D73EA}"
EndProject
Project("{2150E333-8FDC-42A3-9474-1A3956D46DE8}") = "Task2", "Task2", "{40B3CA07-CF62-4C89-ACE7-128C31B0356C}"
EndProject
Project("{2150E333-8FDC-42A3-9474-1A3956D46DE8}") = "Task3", "Task3", "{118AEAF6-5461-4DEF-B119-C706ED626DE0}"
EndProject
Project("{FAE04EC0-301F-11D3-BF4B-00C04F79EFBC}") = "Tyuiu.MinullinDF.Sprint6.Task2.V3.Test", "Tyuiu.MinullinDF.Sprint6.Task2.V3.Test\Tyuiu.MinullinDF.Sprint6.Task2.V3.Test.csproj", "{9A4726DB-BDAF-490E-AC46-65172CEB5EE7}"
EndProject
Project("{FAE04EC0-301F-11D3-BF4B-00C04F79EFBC}") = "Tyuiu.MinullinDF.Sprint6.Task2.V3.Lib", "Tyuiu.MinullinDF.Sprint6.Task2.V3.Lib\Tyuiu.MinullinDF.Sprint6.Task2.V3.Lib.csproj", "{7DC20DBE-57EA-4AAF-B0E4-EE58685E724E}"
EndProject
Project("{FAE04EC0-301F-11D3-BF4B-00C04F79EFBC}") = "Tyuiu.MinullinDF.Sprint6.Task2.V3", "Tyuiu.MinullinDF.Sprint6.Task2.V3\Tyuiu.MinullinDF.Sprint6.Task2.V3.csproj", "{F31B7B9A-0C01-40C0-9247-FD6F0131EE6C}"
EndProject
Project("{FAE04EC0-301F-11D3-BF4B-00C04F79EFBC}") = "Tyuiu.MinullinDF.Sprint6.Task3.V2.Lib", "Tyuiu.MinullinDF.Sprint6.Task3.V2.Lib\Tyuiu.MinullinDF.Sprint6.Task3.V2.Lib.csproj", "{519E81A3-DE18-49E1-9247-8DBA8ED3C7E7}"
EndProject
Project("{FAE04EC0-301F-11D3-BF4B-00C04F79EFBC}") = "Tyuiu.MinullinDF.Sprint6.Task3.V2.Test", "Tyuiu.MinullinDF.Sprint6.Task3.V2.Test\Tyuiu.MinullinDF.Sprint6.Task3.V2.Test.csproj", "{7DE1496A-D247-442C-AB1A-3AC7E74B1FA3}"
EndProject
Project("{FAE04EC0-301F-11D3-BF4B-00C04F79EFBC}") = "Tyuiu.MinullinDF.Sprint6.Task3.V2", "Tyuiu.MinullinDF.Sprint6.Task3.V2\Tyuiu.MinullinDF.Sprint6.Task3.V2.csproj", "{4CE92F14-5801-42C9-BC7F-36DBE5C247FF}"
EndProject
Global
	GlobalSection(SolutionConfigurationPlatforms) = preSolution
		Debug|Any CPU = Debug|Any CPU
		Release|Any CPU = Release|Any CPU
	EndGlobalSection
	GlobalSection(ProjectConfigurationPlatforms) = postSolution
		{DCC6D6E1-6DCA-4C73-9CD2-4E743972F3F1}.Debug|Any CPU.ActiveCfg = Debug|Any CPU
		{DCC6D6E1-6DCA-4C73-9CD2-4E743972F3F1}.Debug|Any CPU.Build.0 = Debug|Any CPU
		{DCC6D6E1-6DCA-4C73-9CD2-4E743972F3F1}.Release|Any CPU.ActiveCfg = Release|Any CPU
		{DCC6D6E1-6DCA-4C73-9CD2-4E743972F3F1}.Release|Any CPU.Build.0 = Release|Any CPU
		{717F738C-F29C-4B7A-9011-565BCCC4439F}.Debug|Any CPU.ActiveCfg = Debug|Any CPU
		{717F738C-F29C-4B7A-9011-565BCCC4439F}.Debug|Any CPU.Build.0 = Debug|Any CPU
		{717F738C-F29C-4B7A-9011-565BCCC4439F}.Release|Any CPU.ActiveCfg = Release|Any CPU
		{717F738C-F29C-4B7A-9011-565BCCC4439F}.Release|Any CPU.Build.0 = Release|Any CPU
		{701E2F84-BEDC-414F-B76F-4F7D7C75C5C2}.Debug|Any CPU.ActiveCfg = Debug|Any CPU
		{701E2F84-BEDC-414F-B76F-4F7D7C75C5C2}.Debug|Any CPU.Build.0 = Debug|Any CPU
		{701E2F84-BEDC-414F-B76F-4F7D7C75C5C2}.Release|Any CPU.ActiveCfg = Release|Any CPU
		{701E2F84-BEDC-414F-B76F-4F7D7C75C5C2}.Release|Any CPU.Build.0 = Release|Any CPU
		{7B255D3B-77B6-497E-834D-334F81063FBB}.Debug|Any CPU.ActiveCfg = Debug|Any CPU
		{7B255D3B-77B6-497E-834D-334F81063FBB}.Debug|Any CPU.Build.0 = Debug|Any CPU
		{7B255D3B-77B6-497E-834D-334F81063FBB}.Release|Any CPU.ActiveCfg = Release|Any CPU
		{7B255D3B-77B6-497E-834D-334F81063FBB}.Release|Any CPU.Build.0 = Release|Any CPU
		{19E8A28A-3951-41C4-A725-79CF92A71E69}.Debug|Any CPU.ActiveCfg = Debug|Any CPU
		{19E8A28A-3951-41C4-A725-79CF92A71E69}.Debug|Any CPU.Build.0 = Debug|Any CPU
		{19E8A28A-3951-41C4-A725-79CF92A71E69}.Release|Any CPU.ActiveCfg = Release|Any CPU
		{19E8A28A-3951-41C4-A725-79CF92A71E69}.Release|Any CPU.Build.0 = Release|Any CPU
		{B7364077-6F5F-4287-BB4C-635F2F73D88E}.Debug|Any CPU.ActiveCfg = Debug|Any CPU
		{B7364077-6F5F-4287-BB4C-635F2F73D88E}.Debug|Any CPU.Build.0 = Debug|Any CPU
		{B7364077-6F5F-4287-BB4C-635F2F73D88E}.Release|Any CPU.ActiveCfg = Release|Any CPU
		{B7364077-6F5F-4287-BB4C-635F2F73D88E}.Release|Any CPU.Build.0 = Release|Any CPU
		{6FB47E00-2B40-4BD1-9D05-C0C9183D73EA}.Debug|Any CPU.ActiveCfg = Debug|Any CPU
		{6FB47E00-2B40-4BD1-9D05-C0C9183D73EA}.Debug|Any CPU.Build.0 = Debug|Any CPU
		{6FB47E00-2B40-4BD1-9D05-C0C9183D73EA}.Release|Any CPU.ActiveCfg = Release|Any CPU
		{6FB47E00-2B40-4BD1-9D05-C0C9183D73EA}.Release|Any CPU.Build.0 = Release|Any CPU
		{9A4726DB-BDAF-490E-AC46-65172CEB5EE7}.Debug|Any CPU.ActiveCfg = Debug|Any CPU
		{9A4726DB-BDAF-490E-AC46-65172CEB5EE7}.Debug|Any CPU.Build.0 = Debug|Any CPU
		{9A4726DB-BDAF-490E-AC46-65172CEB5EE7}.Release|Any CPU.ActiveCfg = Release|Any CPU
		{9A4726DB-BDAF-490E-AC46-65172CEB5EE7}.Release|Any CPU.Build.0 = Release|Any CPU
		{7DC20DBE-57EA-4AAF-B0E4-EE58685E724E}.Debug|Any CPU.ActiveCfg = Debug|Any CPU
		{7DC20DBE-57EA-4AAF-B0E4-EE58685E724E}.Debug|Any CPU.Build.0 = Debug|Any CPU
		{7DC20DBE-57EA-4AAF-B0E4-EE58685E724E}.Release|Any CPU.ActiveCfg = Release|Any CPU
		{7DC20DBE-57EA-4AAF-B0E4-EE58685E724E}.Release|Any CPU.Build.0 = Release|Any CPU
		{F31B7B9A-0C01-40C0-9247-FD6F0131EE6C}.Debug|Any CPU.ActiveCfg = Debug|Any CPU
		{F31B7B9A-0C01-40C0-9247-FD6F0131EE6C}.Debug|Any CPU.Build.0 = Debug|Any CPU
		{F31B7B9A-0C01-40C0-9247-FD6F0131EE6C}.Release|Any CPU.ActiveCfg = Release|Any CPU
		{F31B7B9A-0C01-40C0-9247-FD6F0131EE6C}.Release|Any CPU.Build.0 = Release|Any CPU
		{519E81A3-DE18-49E1-9247-8DBA8ED3C7E7}.Debug|Any CPU.ActiveCfg = Debug|Any CPU
		{519E81A3-DE18-49E1-9247-8DBA8ED3C7E7}.Debug|Any CPU.Build.0 = Debug|Any CPU
		{519E81A3-DE18-49E1-9247-8DBA8ED3C7E7}.Release|Any CPU.ActiveCfg = Release|Any CPU
		{519E81A3-DE18-49E1-9247-8DBA8ED3C7E7}.Release|Any CPU.Build.0 = Release|Any CPU
		{7DE1496A-D247-442C-AB1A-3AC7E74B1FA3}.Debug|Any CPU.ActiveCfg = Debug|Any CPU
		{7DE1496A-D247-442C-AB1A-3AC7E74B1FA3}.Debug|Any CPU.Build.0 = Debug|Any CPU
		{7DE1496A-D247-442C-AB1A-3AC7E74B1FA3}.Release|Any CPU.ActiveCfg = Release|Any CPU
		{7DE1496A-D247-442C-AB1A-3AC7E74B1FA3}.Release|Any CPU.Build.0 = Release|Any CPU
		{4CE92F14-5801-42C9-BC7F-36DBE5C247FF}.Debug|Any CPU.ActiveCfg = Debug|Any CPU
		{4CE92F14-5801-42C9-BC7F-36DBE5C247FF}.Debug|Any CPU.Build.0 = Debug|Any CPU
		{4CE92F14-5801-42C9-BC7F-36DBE5C247FF}.Release|Any CPU.ActiveCfg = Release|Any CPU
		{4CE92F14-5801-42C9-BC7F-36DBE5C247FF}.Release|Any CPU.Build.0 = Release|Any CPU
	EndGlobalSection
	GlobalSection(SolutionProperties) = preSolution
		HideSolutionNode = FALSE
	EndGlobalSection
	GlobalSection(NestedProjects) = preSolution
		{DCC6D6E1-6DCA-4C73-9CD2-4E743972F3F1} = {02EA681E-C7D8-13C7-8484-4AC65E1B71E8}
		{717F738C-F29C-4B7A-9011-565BCCC4439F} = {094E99CC-66AA-4929-9710-F302BA8CD13B}
		{701E2F84-BEDC-414F-B76F-4F7D7C75C5C2} = {094E99CC-66AA-4929-9710-F302BA8CD13B}
		{7B255D3B-77B6-497E-834D-334F81063FBB} = {094E99CC-66AA-4929-9710-F302BA8CD13B}
		{19E8A28A-3951-41C4-A725-79CF92A71E69} = {08893C6C-3CED-40B8-BB71-39F94D4E0717}
		{B7364077-6F5F-4287-BB4C-635F2F73D88E} = {08893C6C-3CED-40B8-BB71-39F94D4E0717}
		{6FB47E00-2B40-4BD1-9D05-C0C9183D73EA} = {08893C6C-3CED-40B8-BB71-39F94D4E0717}
		{9A4726DB-BDAF-490E-AC46-65172CEB5EE7} = {40B3CA07-CF62-4C89-ACE7-128C31B0356C}
		{7DC20DBE-57EA-4AAF-B0E4-EE58685E724E} = {40B3CA07-CF62-4C89-ACE7-128C31B0356C}
		{F31B7B9A-0C01-40C0-9247-FD6F0131EE6C} = {40B3CA07-CF62-4C89-ACE7-128C31B0356C}
		{519E81A3-DE18-49E1-9247-8DBA8ED3C7E7} = {118AEAF6-5461-4DEF-B119-C706ED626DE0}
		{7DE1496A-D247-442C-AB1A-3AC7E74B1FA3} = {118AEAF6-5461-4DEF-B119-C706ED626DE0}
		{4CE92F14-5801-42C9-BC7F-36DBE5C247FF} = {118AEAF6-5461-4DEF-B119-C706ED626DE0}
	EndGlobalSection
	GlobalSection(ExtensibilityGlobals) = postSolution
		SolutionGuid = {A5596660-FFA2-4C26-B026-C430A80132FD}
	EndGlobalSection
EndGlobal
