
Microsoft Visual Studio Solution File, Format Version 12.00
# Visual Studio Version 17
VisualStudioVersion = 17.14.36414.22
MinimumVisualStudioVersion = 10.0.40219.1
Project("{2150E333-8FDC-42A3-9474-1A3956D46DE8}") = "TaskTest", "TaskTest", "{02EA681E-C7D8-13C7-8484-4AC65E1B71E8}"
EndProject
Project("{FAE04EC0-301F-11D3-BF4B-00C04F79EFBC}") = "WinFormsApp1", "WinFormsApp1\WinFormsApp1.csproj", "{DCC6D6E1-6DCA-4C73-9CD2-4E743972F3F1}"
EndProject
Project("{2150E333-8FDC-42A3-9474-1A3956D46DE8}") = "Task0", "Task0", "{094E99CC-66AA-4929-9710-F302BA8CD13B}"
EndProject
Project("{FAE04EC0-301F-11D3-BF4B-00C04F79EFBC}") = "Tyuiu.MinullinDF.Sprint6.Task0.V25.Test", "Tyuiu.MinullinDF.Sprint6.Task0.V25.Test\Tyuiu.MinullinDF.Sprint6.Task0.V25.Test.csproj", "{717F738C-F29C-4B7A-9011-565BCCC4439F}"
EndProject
Project("{FAE04EC0-301F-11D3-BF4B-00C04F79EFBC}") = "Tyuiu.MinullinDF.Sprint6.Task0.V25", "Tyuiu.MinullinDF.Sprint6.Task0.V25\Tyuiu.MinullinDF.Sprint6.Task0.V25.csproj", "{701E2F84-BEDC-414F-B76F-4F7D7C75C5C2}"
EndProject
Project("{FAE04EC0-301F-11D3-BF4B-00C04F79EFBC}") = "Tyuiu.MinullinDF.Sprint6.Task0.V25.Lib", "Tyuiu.MinullinDF.Sprint6.Task0.V25.Lib\Tyuiu.MinullinDF.Sprint6.Task0.V25.Lib.csproj", "{7B255D3B-77B6-497E-834D-334F81063FBB}"
EndProject
Project("{2150E333-8FDC-42A3-9474-1A3956D46DE8}") = "Task1", "Task1", "{08893C6C-3CED-40B8-BB71-39F94D4E0717}"
EndProject
Project("{FAE04EC0-301F-11D3-BF4B-00C04F79EFBC}") = "Tyuiu.MinullinDF.Sprint6.Task1.V7.Lib", "Tyuiu.MinullinDF.Sprint6.Task1.V7.Lib\Tyuiu.MinullinDF.Sprint6.Task1.V7.Lib.csproj", "{19E8A28A-3951-41C4-A725-79CF92A71E69}"
EndProject
Project("{FAE04EC0-301F-11D3-BF4B-00C04F79EFBC}") = "Tyuiu.MinullinDF.Sprint6.Task1.V7", "Tyuiu.MinullinDF.Sprint6.Task1.V7\Tyuiu.MinullinDF.Sprint6.Task1.V7.csproj", "{B7364077-6F5F-4287-BB4C-635F2F73D88E}"
EndProject
Project("{FAE04EC0-301F-11D3-BF4B-00C04F79EFBC}") = "Tyuiu.MinullinDF.Sprint6.Task1.V7.Test", "Tyuiu.MinullinDF.Sprint6.Task1.V7.Test\Tyuiu.MinullinDF.Sprint6.Task1.V7.Test.csproj", "{6FB47E00-2B40-4BD1-9D05-C0C9183D73EA}"
EndProject
Project("{2150E333-8FDC-42A3-9474-1A3956D46DE8}") = "Task2", "Task2", "{40B3CA07-CF62-4C89-ACE7-128C31B0356C}"
EndProject
Project("{2150E333-8FDC-42A3-9474-1A3956D46DE8}") = "Task3", "Task3", "{118AEAF6-5461-4DEF-B119-C706ED626DE0}"
EndProject
Project("{FAE04EC0-301F-11D3-BF4B-00C04F79EFBC}") = "Tyuiu.MinullinDF.Sprint6.Task2.V3.Test", "Tyuiu.MinullinDF.Sprint6.Task2.V3.Test\Tyuiu.MinullinDF.Sprint6.Task2.V3.Test.csproj", "{9A4726DB-BDAF-490E-AC46-65172CEB5EE7}"
EndProject
Project("{FAE04EC0-301F-11D3-BF4B-00C04F79EFBC}") = "Tyuiu.MinullinDF.Sprint6.Task2.V3.Lib", "Tyuiu.MinullinDF.Sprint6.Task2.V3.Lib\Tyuiu.MinullinDF.Sprint6.Task2.V3.Lib.csproj", "{7DC20DBE-57EA-4AAF-B0E4-EE58685E724E}"
EndProject
Project("{FAE04EC0-301F-11D3-BF4B-00C04F79EFBC}") = "Tyuiu.MinullinDF.Sprint6.Task2.V3", "Tyuiu.MinullinDF.Sprint6.Task2.V3\Tyuiu.MinullinDF.Sprint6.Task2.V3.csproj", "{F31B7B9A-0C01-40C0-9247-FD6F0131EE6C}"
EndProject
Project("{FAE04EC0-301F-11D3-BF4B-00C04F79EFBC}") = "Tyuiu.MinullinDF.Sprint6.Task3.V2.Lib", "Tyuiu.MinullinDF.Sprint6.Task3.V2.Lib\Tyuiu.MinullinDF.Sprint6.Task3.V2.Lib.csproj", "{519E81A3-DE18-49E1-9247-8DBA8ED3C7E7}"
EndProject
Project("{FAE04EC0-301F-11D3-BF4B-00C04F79EFBC}") = "Tyuiu.MinullinDF.Sprint6.Task3.V2.Test", "Tyuiu.MinullinDF.Sprint6.Task3.V2.Test\Tyuiu.MinullinDF.Sprint6.Task3.V2.Test.csproj", "{7DE1496A-D247-442C-AB1A-3AC7E74B1FA3}"
EndProject
Project("{FAE04EC0-301F-11D3-BF4B-00C04F79EFBC}") = "Tyuiu.MinullinDF.Sprint6.Task3.V2", "Tyuiu.MinullinDF.Sprint6.Task3.V2\Tyuiu.MinullinDF.Sprint6.Task3.V2.csproj", "{4CE92F14-5801-42C9-BC7F-36DBE5C247FF}"
EndProject
Project("{2150E333-8FDC-42A3-9474-1A3956D46DE8}") = "Task4", "Task4", "{D87C1608-BDBB-4EBA-89EF-4C91E390B0C1}"
EndProject
Project("{2150E333-8FDC-42A3-9474-1A3956D46DE8}") = "Task5", "Task5", "{E11D54EB-0921-4FE2-82F7-BB94081B8B36}"
EndProject
Project("{2150E333-8FDC-42A3-9474-1A3956D46DE8}") = "Task6", "Task6", "{A44B9C61-ABB3-4C9E-A4C4-BAF427F16261}"
EndProject
Project("{2150E333-8FDC-42A3-9474-1A3956D46DE8}") = "Task7", "Task7", "{867DEAEB-0224-480E-9FBB-A65D1E223BEB}"
EndProject
Project("{FAE04EC0-301F-11D3-BF4B-00C04F79EFBC}") = "Tyuiu.MinullinDF.Sprint6.Task4.V28.Lib", "Tyuiu.MinullinDF.Sprint6.Task4.V28.Lib\Tyuiu.MinullinDF.Sprint6.Task4.V28.Lib.csproj", "{7D44943F-0761-44F1-92BB-937B31D45612}"
EndProject
Project("{FAE04EC0-301F-11D3-BF4B-00C04F79EFBC}") = "Tyuiu.MinullinDF.Sprint6.Task4.V28.Test", "Tyuiu.MinullinDF.Sprint6.Task4.V28.Test\Tyuiu.MinullinDF.Sprint6.Task4.V28.Test.csproj", "{39203CBC-4004-410C-B12B-2735C30E6D02}"
EndProject
Project("{FAE04EC0-301F-11D3-BF4B-00C04F79EFBC}") = "Tyuiu.MinullinDF.Sprint6.Task4.V28", "Tyuiu.MinullinDF.Sprint6.Task4.V28\Tyuiu.MinullinDF.Sprint6.Task4.V28.csproj", "{B2741065-2B8F-4B44-9152-EC80D20D3C4B}"
EndProject
Project("{FAE04EC0-301F-11D3-BF4B-00C04F79EFBC}") = "Tyuiu.MinullinDF.Sprint6.Task5.V12.Lib", "Tyuiu.MinullinDF.Sprint6.Task5.V12.Lib\Tyuiu.MinullinDF.Sprint6.Task5.V12.Lib.csproj", "{D5BA5405-6176-4247-B1B6-C65000476813}"
EndProject
Project("{FAE04EC0-301F-11D3-BF4B-00C04F79EFBC}") = "Tyuiu.MinullinDF.Sprint6.Task5.V12.Test", "Tyuiu.MinullinDF.Sprint6.Task5.V12.Test\Tyuiu.MinullinDF.Sprint6.Task5.V12.Test.csproj", "{23138B20-01C4-4121-BFB7-D892176CB210}"
EndProject
Project("{FAE04EC0-301F-11D3-BF4B-00C04F79EFBC}") = "Tyuiu.MinullinDF.Sprint6.Task5.V12", "Tyuiu.MinullinDF.Sprint6.Task5.V12\Tyuiu.MinullinDF.Sprint6.Task5.V12.csproj", "{C3073EA0-7E00-4555-94FF-3F35768B6870}"
EndProject
Project("{FAE04EC0-301F-11D3-BF4B-00C04F79EFBC}") = "Tyuiu.MinullinDF.Sprint6.Task6.V29.Lib", "Tyuiu.MinullinDF.Sprint6.Task6.V29.Lib\Tyuiu.MinullinDF.Sprint6.Task6.V29.Lib.csproj", "{43A88906-641E-4BB5-86B9-9FB51B9F528E}"
EndProject
Project("{FAE04EC0-301F-11D3-BF4B-00C04F79EFBC}") = "Tyuiu.MinullinDF.Sprint6.Task6.V29.Test", "Tyuiu.MinullinDF.Sprint6.Task6.V29.Test\Tyuiu.MinullinDF.Sprint6.Task6.V29.Test.csproj", "{5D6E5334-AFD5-46F1-8F8B-45880C68E9FF}"
EndProject
Project("{FAE04EC0-301F-11D3-BF4B-00C04F79EFBC}") = "Tyuiu.MinullinDF.Sprint6.Task6.V29", "Tyuiu.MinullinDF.Sprint6.Task6.V29\Tyuiu.MinullinDF.Sprint6.Task6.V29.csproj", "{014681F2-AA65-47F1-9920-415053D877D0}"
EndProject
Global
	GlobalSection(SolutionConfigurationPlatforms) = preSolution
		Debug|Any CPU = Debug|Any CPU
		Release|Any CPU = Release|Any CPU
	EndGlobalSection
	GlobalSection(ProjectConfigurationPlatforms) = postSolution
		{DCC6D6E1-6DCA-4C73-9CD2-4E743972F3F1}.Debug|Any CPU.ActiveCfg = Debug|Any CPU
		{DCC6D6E1-6DCA-4C73-9CD2-4E743972F3F1}.Debug|Any CPU.Build.0 = Debug|Any CPU
		{DCC6D6E1-6DCA-4C73-9CD2-4E743972F3F1}.Release|Any CPU.ActiveCfg = Release|Any CPU
		{DCC6D6E1-6DCA-4C73-9CD2-4E743972F3F1}.Release|Any CPU.Build.0 = Release|Any CPU
		{717F738C-F29C-4B7A-9011-565BCCC4439F}.Debug|Any CPU.ActiveCfg = Debug|Any CPU
		{717F738C-F29C-4B7A-9011-565BCCC4439F}.Debug|Any CPU.Build.0 = Debug|Any CPU
		{717F738C-F29C-4B7A-9011-565BCCC4439F}.Release|Any CPU.ActiveCfg = Release|Any CPU
		{717F738C-F29C-4B7A-9011-565BCCC4439F}.Release|Any CPU.Build.0 = Release|Any CPU
		{701E2F84-BEDC-414F-B76F-4F7D7C75C5C2}.Debug|Any CPU.ActiveCfg = Debug|Any CPU
		{701E2F84-BEDC-414F-B76F-4F7D7C75C5C2}.Debug|Any CPU.Build.0 = Debug|Any CPU
		{701E2F84-BEDC-414F-B76F-4F7D7C75C5C2}.Release|Any CPU.ActiveCfg = Release|Any CPU
		{701E2F84-BEDC-414F-B76F-4F7D7C75C5C2}.Release|Any CPU.Build.0 = Release|Any CPU
		{7B255D3B-77B6-497E-834D-334F81063FBB}.Debug|Any CPU.ActiveCfg = Debug|Any CPU
		{7B255D3B-77B6-497E-834D-334F81063FBB}.Debug|Any CPU.Build.0 = Debug|Any CPU
		{7B255D3B-77B6-497E-834D-334F81063FBB}.Release|Any CPU.ActiveCfg = Release|Any CPU
		{7B255D3B-77B6-497E-834D-334F81063FBB}.Release|Any CPU.Build.0 = Release|Any CPU
		{19E8A28A-3951-41C4-A725-79CF92A71E69}.Debug|Any CPU.ActiveCfg = Debug|Any CPU
		{19E8A28A-3951-41C4-A725-79CF92A71E69}.Debug|Any CPU.Build.0 = Debug|Any CPU
		{19E8A28A-3951-41C4-A725-79CF92A71E69}.Release|Any CPU.ActiveCfg = Release|Any CPU
		{19E8A28A-3951-41C4-A725-79CF92A71E69}.Release|Any CPU.Build.0 = Release|Any CPU
		{B7364077-6F5F-4287-BB4C-635F2F73D88E}.Debug|Any CPU.ActiveCfg = Debug|Any CPU
		{B7364077-6F5F-4287-BB4C-635F2F73D88E}.Debug|Any CPU.Build.0 = Debug|Any CPU
		{B7364077-6F5F-4287-BB4C-635F2F73D88E}.Release|Any CPU.ActiveCfg = Release|Any CPU
		{B7364077-6F5F-4287-BB4C-635F2F73D88E}.Release|Any CPU.Build.0 = Release|Any CPU
		{6FB47E00-2B40-4BD1-9D05-C0C9183D73EA}.Debug|Any CPU.ActiveCfg = Debug|Any CPU
		{6FB47E00-2B40-4BD1-9D05-C0C9183D73EA}.Debug|Any CPU.Build.0 = Debug|Any CPU
		{6FB47E00-2B40-4BD1-9D05-C0C9183D73EA}.Release|Any CPU.ActiveCfg = Release|Any CPU
		{6FB47E00-2B40-4BD1-9D05-C0C9183D73EA}.Release|Any CPU.Build.0 = Release|Any CPU
		{9A4726DB-BDAF-490E-AC46-65172CEB5EE7}.Debug|Any CPU.ActiveCfg = Debug|Any CPU
		{9A4726DB-BDAF-490E-AC46-65172CEB5EE7}.Debug|Any CPU.Build.0 = Debug|Any CPU
		{9A4726DB-BDAF-490E-AC46-65172CEB5EE7}.Release|Any CPU.ActiveCfg = Release|Any CPU
		{9A4726DB-BDAF-490E-AC46-65172CEB5EE7}.Release|Any CPU.Build.0 = Release|Any CPU
		{7DC20DBE-57EA-4AAF-B0E4-EE58685E724E}.Debug|Any CPU.ActiveCfg = Debug|Any CPU
		{7DC20DBE-57EA-4AAF-B0E4-EE58685E724E}.Debug|Any CPU.Build.0 = Debug|Any CPU
		{7DC20DBE-57EA-4AAF-B0E4-EE58685E724E}.Release|Any CPU.ActiveCfg = Release|Any CPU
		{7DC20DBE-57EA-4AAF-B0E4-EE58685E724E}.Release|Any CPU.Build.0 = Release|Any CPU
		{F31B7B9A-0C01-40C0-9247-FD6F0131EE6C}.Debug|Any CPU.ActiveCfg = Debug|Any CPU
		{F31B7B9A-0C01-40C0-9247-FD6F0131EE6C}.Debug|Any CPU.Build.0 = Debug|Any CPU
		{F31B7B9A-0C01-40C0-9247-FD6F0131EE6C}.Release|Any CPU.ActiveCfg = Release|Any CPU
		{F31B7B9A-0C01-40C0-9247-FD6F0131EE6C}.Release|Any CPU.Build.0 = Release|Any CPU
		{519E81A3-DE18-49E1-9247-8DBA8ED3C7E7}.Debug|Any CPU.ActiveCfg = Debug|Any CPU
		{519E81A3-DE18-49E1-9247-8DBA8ED3C7E7}.Debug|Any CPU.Build.0 = Debug|Any CPU
		{519E81A3-DE18-49E1-9247-8DBA8ED3C7E7}.Release|Any CPU.ActiveCfg = Release|Any CPU
		{519E81A3-DE18-49E1-9247-8DBA8ED3C7E7}.Release|Any CPU.Build.0 = Release|Any CPU
		{7DE1496A-D247-442C-AB1A-3AC7E74B1FA3}.Debug|Any CPU.ActiveCfg = Debug|Any CPU
		{7DE1496A-D247-442C-AB1A-3AC7E74B1FA3}.Debug|Any CPU.Build.0 = Debug|Any CPU
		{7DE1496A-D247-442C-AB1A-3AC7E74B1FA3}.Release|Any CPU.ActiveCfg = Release|Any CPU
		{7DE1496A-D247-442C-AB1A-3AC7E74B1FA3}.Release|Any CPU.Build.0 = Release|Any CPU
		{4CE92F14-5801-42C9-BC7F-36DBE5C247FF}.Debug|Any CPU.ActiveCfg = Debug|Any CPU
		{4CE92F14-5801-42C9-BC7F-36DBE5C247FF}.Debug|Any CPU.Build.0 = Debug|Any CPU
		{4CE92F14-5801-42C9-BC7F-36DBE5C247FF}.Release|Any CPU.ActiveCfg = Release|Any CPU
		{4CE92F14-5801-42C9-BC7F-36DBE5C247FF}.Release|Any CPU.Build.0 = Release|Any CPU
		{7D44943F-0761-44F1-92BB-937B31D45612}.Debug|Any CPU.ActiveCfg = Debug|Any CPU
		{7D44943F-0761-44F1-92BB-937B31D45612}.Debug|Any CPU.Build.0 = Debug|Any CPU
		{7D44943F-0761-44F1-92BB-937B31D45612}.Release|Any CPU.ActiveCfg = Release|Any CPU
		{7D44943F-0761-44F1-92BB-937B31D45612}.Release|Any CPU.Build.0 = Release|Any CPU
		{39203CBC-4004-410C-B12B-2735C30E6D02}.Debug|Any CPU.ActiveCfg = Debug|Any CPU
		{39203CBC-4004-410C-B12B-2735C30E6D02}.Debug|Any CPU.Build.0 = Debug|Any CPU
		{39203CBC-4004-410C-B12B-2735C30E6D02}.Release|Any CPU.ActiveCfg = Release|Any CPU
		{39203CBC-4004-410C-B12B-2735C30E6D02}.Release|Any CPU.Build.0 = Release|Any CPU
		{B2741065-2B8F-4B44-9152-EC80D20D3C4B}.Debug|Any CPU.ActiveCfg = Debug|Any CPU
		{B2741065-2B8F-4B44-9152-EC80D20D3C4B}.Debug|Any CPU.Build.0 = Debug|Any CPU
		{B2741065-2B8F-4B44-9152-EC80D20D3C4B}.Release|Any CPU.ActiveCfg = Release|Any CPU
		{B2741065-2B8F-4B44-9152-EC80D20D3C4B}.Release|Any CPU.Build.0 = Release|Any CPU
		{D5BA5405-6176-4247-B1B6-C65000476813}.Debug|Any CPU.ActiveCfg = Debug|Any CPU
		{D5BA5405-6176-4247-B1B6-C65000476813}.Debug|Any CPU.Build.0 = Debug|Any CPU
		{D5BA5405-6176-4247-B1B6-C65000476813}.Release|Any CPU.ActiveCfg = Release|Any CPU
		{D5BA5405-6176-4247-B1B6-C65000476813}.Release|Any CPU.Build.0 = Release|Any CPU
		{23138B20-01C4-4121-BFB7-D892176CB210}.Debug|Any CPU.ActiveCfg = Debug|Any CPU
		{23138B20-01C4-4121-BFB7-D892176CB210}.Debug|Any CPU.Build.0 = Debug|Any CPU
		{23138B20-01C4-4121-BFB7-D892176CB210}.Release|Any CPU.ActiveCfg = Release|Any CPU
		{23138B20-01C4-4121-BFB7-D892176CB210}.Release|Any CPU.Build.0 = Release|Any CPU
		{C3073EA0-7E00-4555-94FF-3F35768B6870}.Debug|Any CPU.ActiveCfg = Debug|Any CPU
		{C3073EA0-7E00-4555-94FF-3F35768B6870}.Debug|Any CPU.Build.0 = Debug|Any CPU
		{C3073EA0-7E00-4555-94FF-3F35768B6870}.Release|Any CPU.ActiveCfg = Release|Any CPU
		{C3073EA0-7E00-4555-94FF-3F35768B6870}.Release|Any CPU.Build.0 = Release|Any CPU
		{43A88906-641E-4BB5-86B9-9FB51B9F528E}.Debug|Any CPU.ActiveCfg = Debug|Any CPU
		{43A88906-641E-4BB5-86B9-9FB51B9F528E}.Debug|Any CPU.Build.0 = Debug|Any CPU
		{43A88906-641E-4BB5-86B9-9FB51B9F528E}.Release|Any CPU.ActiveCfg = Release|Any CPU
		{43A88906-641E-4BB5-86B9-9FB51B9F528E}.Release|Any CPU.Build.0 = Release|Any CPU
		{5D6E5334-AFD5-46F1-8F8B-45880C68E9FF}.Debug|Any CPU.ActiveCfg = Debug|Any CPU
		{5D6E5334-AFD5-46F1-8F8B-45880C68E9FF}.Debug|Any CPU.Build.0 = Debug|Any CPU
		{5D6E5334-AFD5-46F1-8F8B-45880C68E9FF}.Release|Any CPU.ActiveCfg = Release|Any CPU
		{5D6E5334-AFD5-46F1-8F8B-45880C68E9FF}.Release|Any CPU.Build.0 = Release|Any CPU
		{014681F2-AA65-47F1-9920-415053D877D0}.Debug|Any CPU.ActiveCfg = Debug|Any CPU
		{014681F2-AA65-47F1-9920-415053D877D0}.Debug|Any CPU.Build.0 = Debug|Any CPU
		{014681F2-AA65-47F1-9920-415053D877D0}.Release|Any CPU.ActiveCfg = Release|Any CPU
		{014681F2-AA65-47F1-9920-415053D877D0}.Release|Any CPU.Build.0 = Release|Any CPU
	EndGlobalSection
	GlobalSection(SolutionProperties) = preSolution
		HideSolutionNode = FALSE
	EndGlobalSection
	GlobalSection(NestedProjects) = preSolution
		{DCC6D6E1-6DCA-4C73-9CD2-4E743972F3F1} = {02EA681E-C7D8-13C7-8484-4AC65E1B71E8}
		{717F738C-F29C-4B7A-9011-565BCCC4439F} = {094E99CC-66AA-4929-9710-F302BA8CD13B}
		{701E2F84-BEDC-414F-B76F-4F7D7C75C5C2} = {094E99CC-66AA-4929-9710-F302BA8CD13B}
		{7B255D3B-77B6-497E-834D-334F81063FBB} = {094E99CC-66AA-4929-9710-F302BA8CD13B}
		{19E8A28A-3951-41C4-A725-79CF92A71E69} = {08893C6C-3CED-40B8-BB71-39F94D4E0717}
		{B7364077-6F5F-4287-BB4C-635F2F73D88E} = {08893C6C-3CED-40B8-BB71-39F94D4E0717}
		{6FB47E00-2B40-4BD1-9D05-C0C9183D73EA} = {08893C6C-3CED-40B8-BB71-39F94D4E0717}
		{9A4726DB-BDAF-490E-AC46-65172CEB5EE7} = {40B3CA07-CF62-4C89-ACE7-128C31B0356C}
		{7DC20DBE-57EA-4AAF-B0E4-EE58685E724E} = {40B3CA07-CF62-4C89-ACE7-128C31B0356C}
		{F31B7B9A-0C01-40C0-9247-FD6F0131EE6C} = {40B3CA07-CF62-4C89-ACE7-128C31B0356C}
		{519E81A3-DE18-49E1-9247-8DBA8ED3C7E7} = {118AEAF6-5461-4DEF-B119-C706ED626DE0}
		{7DE1496A-D247-442C-AB1A-3AC7E74B1FA3} = {118AEAF6-5461-4DEF-B119-C706ED626DE0}
		{4CE92F14-5801-42C9-BC7F-36DBE5C247FF} = {118AEAF6-5461-4DEF-B119-C706ED626DE0}
		{7D44943F-0761-44F1-92BB-937B31D45612} = {D87C1608-BDBB-4EBA-89EF-4C91E390B0C1}
		{39203CBC-4004-410C-B12B-2735C30E6D02} = {D87C1608-BDBB-4EBA-89EF-4C91E390B0C1}
		{B2741065-2B8F-4B44-9152-EC80D20D3C4B} = {D87C1608-BDBB-4EBA-89EF-4C91E390B0C1}
		{D5BA5405-6176-4247-B1B6-C65000476813} = {E11D54EB-0921-4FE2-82F7-BB94081B8B36}
		{23138B20-01C4-4121-BFB7-D892176CB210} = {E11D54EB-0921-4FE2-82F7-BB94081B8B36}
		{C3073EA0-7E00-4555-94FF-3F35768B6870} = {E11D54EB-0921-4FE2-82F7-BB94081B8B36}
		{43A88906-641E-4BB5-86B9-9FB51B9F528E} = {A44B9C61-ABB3-4C9E-A4C4-BAF427F16261}
		{5D6E5334-AFD5-46F1-8F8B-45880C68E9FF} = {A44B9C61-ABB3-4C9E-A4C4-BAF427F16261}
		{014681F2-AA65-47F1-9920-415053D877D0} = {A44B9C61-ABB3-4C9E-A4C4-BAF427F16261}
	EndGlobalSection
	GlobalSection(ExtensibilityGlobals) = postSolution
		SolutionGuid = {A5596660-FFA2-4C26-B026-C430A80132FD}
	EndGlobalSection
EndGlobal
